
Microsoft Visual Studio Solution File, Format Version 12.00
# Visual Studio Version 16
VisualStudioVersion = 16.0.29424.173
MinimumVisualStudioVersion = 10.0.40219.1
Project("{FAE04EC0-301F-11D3-BF4B-00C04F79EFBC}") = "RobotNavigation", "RobotNavigation\RobotNavigation.csproj", "{F140B959-2C59-4909-B389-D74194AE9282}"
EndProject
Project("{FAE04EC0-301F-11D3-BF4B-00C04F79EFBC}") = "PriorityQueue", "PriorityQueue\PriorityQueue.csproj", "{927AEEA3-C735-46A8-BC06-680F650285B3}"
EndProject
Project("{930C7802-8A8C-48F9-8165-68863BCCD9DD}") = "RoboNav", "RoboNav\RoboNav.wixproj", "{FADEF632-AE32-4E14-896A-864BC258C3AA}"
EndProject
Global
	GlobalSection(SolutionConfigurationPlatforms) = preSolution
		Debug|Any CPU = Debug|Any CPU
		Debug|x86 = Debug|x86
		Release|Any CPU = Release|Any CPU
		Release|x86 = Release|x86
	EndGlobalSection
	GlobalSection(ProjectConfigurationPlatforms) = postSolution
		{F140B959-2C59-4909-B389-D74194AE9282}.Debug|Any CPU.ActiveCfg = Debug|Any CPU
		{F140B959-2C59-4909-B389-D74194AE9282}.Debug|Any CPU.Build.0 = Debug|Any CPU
		{F140B959-2C59-4909-B389-D74194AE9282}.Debug|x86.ActiveCfg = Debug|Any CPU
		{F140B959-2C59-4909-B389-D74194AE9282}.Debug|x86.Build.0 = Debug|Any CPU
		{F140B959-2C59-4909-B389-D74194AE9282}.Release|Any CPU.ActiveCfg = Release|Any CPU
		{F140B959-2C59-4909-B389-D74194AE9282}.Release|Any CPU.Build.0 = Release|Any CPU
		{F140B959-2C59-4909-B389-D74194AE9282}.Release|x86.ActiveCfg = Release|Any CPU
		{F140B959-2C59-4909-B389-D74194AE9282}.Release|x86.Build.0 = Release|Any CPU
		{927AEEA3-C735-46A8-BC06-680F650285B3}.Debug|Any CPU.ActiveCfg = Debug|Any CPU
		{927AEEA3-C735-46A8-BC06-680F650285B3}.Debug|Any CPU.Build.0 = Debug|Any CPU
		{927AEEA3-C735-46A8-BC06-680F650285B3}.Debug|x86.ActiveCfg = Debug|Any CPU
		{927AEEA3-C735-46A8-BC06-680F650285B3}.Debug|x86.Build.0 = Debug|Any CPU
		{927AEEA3-C735-46A8-BC06-680F650285B3}.Release|Any CPU.ActiveCfg = Release|Any CPU
		{927AEEA3-C735-46A8-BC06-680F650285B3}.Release|Any CPU.Build.0 = Release|Any CPU
		{927AEEA3-C735-46A8-BC06-680F650285B3}.Release|x86.ActiveCfg = Release|Any CPU
		{927AEEA3-C735-46A8-BC06-680F650285B3}.Release|x86.Build.0 = Release|Any CPU
		{FADEF632-AE32-4E14-896A-864BC258C3AA}.Debug|Any CPU.ActiveCfg = Debug|x86
		{FADEF632-AE32-4E14-896A-864BC258C3AA}.Debug|x86.ActiveCfg = Debug|x86
		{FADEF632-AE32-4E14-896A-864BC258C3AA}.Debug|x86.Build.0 = Debug|x86
		{FADEF632-AE32-4E14-896A-864BC258C3AA}.Release|Any CPU.ActiveCfg = Release|x86
		{FADEF632-AE32-4E14-896A-864BC258C3AA}.Release|x86.ActiveCfg = Release|x86
		{FADEF632-AE32-4E14-896A-864BC258C3AA}.Release|x86.Build.0 = Release|x86
	EndGlobalSection
	GlobalSection(SolutionProperties) = preSolution
		HideSolutionNode = FALSE
	EndGlobalSection
	GlobalSection(ExtensibilityGlobals) = postSolution
		SolutionGuid = {71DC3C18-E22C-4DA9-8CCF-B1D5D6A27D2E}
	EndGlobalSection
EndGlobal
